
Microsoft Visual Studio Solution File, Format Version 12.00
# Visual Studio Version 16
VisualStudioVersion = 16.0.30413.136
MinimumVisualStudioVersion = 10.0.40219.1
Project("{FAE04EC0-301F-11D3-BF4B-00C04F79EFBC}") = "ProyectoJose.UWP", "ProyectoJose\ProyectoJose.UWP\ProyectoJose.UWP.csproj", "{2DD88BC6-AE38-4962-8A00-FFDA3834F064}"
EndProject
Project("{FAE04EC0-301F-11D3-BF4B-00C04F79EFBC}") = "ProyectoJose.Android", "ProyectoJose\ProyectoJose.Android\ProyectoJose.Android.csproj", "{0F770034-7D1F-4656-A37C-677A31069352}"
EndProject
Project("{FAE04EC0-301F-11D3-BF4B-00C04F79EFBC}") = "ProyectoJose.iOS", "ProyectoJose\ProyectoJose.iOS\ProyectoJose.iOS.csproj", "{9CA57FC5-B83E-4B61-86A2-509650FC48E5}"
EndProject
Project("{FAE04EC0-301F-11D3-BF4B-00C04F79EFBC}") = "ProyectoJose", "ProyectoJose\ProyectoJose\ProyectoJose.csproj", "{A65DABE1-F846-4AE5-8D82-304FC1F0C773}"
EndProject
Global
	GlobalSection(SolutionConfigurationPlatforms) = preSolution
		Debug|Any CPU = Debug|Any CPU
		Debug|ARM = Debug|ARM
		Debug|iPhone = Debug|iPhone
		Debug|iPhoneSimulator = Debug|iPhoneSimulator
		Debug|x64 = Debug|x64
		Debug|x86 = Debug|x86
		Release|Any CPU = Release|Any CPU
		Release|ARM = Release|ARM
		Release|iPhone = Release|iPhone
		Release|iPhoneSimulator = Release|iPhoneSimulator
		Release|x64 = Release|x64
		Release|x86 = Release|x86
	EndGlobalSection
	GlobalSection(ProjectConfigurationPlatforms) = postSolution
		{2DD88BC6-AE38-4962-8A00-FFDA3834F064}.Debug|Any CPU.ActiveCfg = Debug|x86
		{2DD88BC6-AE38-4962-8A00-FFDA3834F064}.Debug|Any CPU.Build.0 = Debug|x86
		{2DD88BC6-AE38-4962-8A00-FFDA3834F064}.Debug|Any CPU.Deploy.0 = Debug|x86
		{2DD88BC6-AE38-4962-8A00-FFDA3834F064}.Debug|ARM.ActiveCfg = Debug|ARM
		{2DD88BC6-AE38-4962-8A00-FFDA3834F064}.Debug|ARM.Build.0 = Debug|ARM
		{2DD88BC6-AE38-4962-8A00-FFDA3834F064}.Debug|ARM.Deploy.0 = Debug|ARM
		{2DD88BC6-AE38-4962-8A00-FFDA3834F064}.Debug|iPhone.ActiveCfg = Debug|x86
		{2DD88BC6-AE38-4962-8A00-FFDA3834F064}.Debug|iPhone.Build.0 = Debug|x86
		{2DD88BC6-AE38-4962-8A00-FFDA3834F064}.Debug|iPhone.Deploy.0 = Debug|x86
		{2DD88BC6-AE38-4962-8A00-FFDA3834F064}.Debug|iPhoneSimulator.ActiveCfg = Debug|x86
		{2DD88BC6-AE38-4962-8A00-FFDA3834F064}.Debug|iPhoneSimulator.Build.0 = Debug|x86
		{2DD88BC6-AE38-4962-8A00-FFDA3834F064}.Debug|iPhoneSimulator.Deploy.0 = Debug|x86
		{2DD88BC6-AE38-4962-8A00-FFDA3834F064}.Debug|x64.ActiveCfg = Debug|x64
		{2DD88BC6-AE38-4962-8A00-FFDA3834F064}.Debug|x64.Build.0 = Debug|x64
		{2DD88BC6-AE38-4962-8A00-FFDA3834F064}.Debug|x64.Deploy.0 = Debug|x64
		{2DD88BC6-AE38-4962-8A00-FFDA3834F064}.Debug|x86.ActiveCfg = Debug|x86
		{2DD88BC6-AE38-4962-8A00-FFDA3834F064}.Debug|x86.Build.0 = Debug|x86
		{2DD88BC6-AE38-4962-8A00-FFDA3834F064}.Debug|x86.Deploy.0 = Debug|x86
		{2DD88BC6-AE38-4962-8A00-FFDA3834F064}.Release|Any CPU.ActiveCfg = Release|x86
		{2DD88BC6-AE38-4962-8A00-FFDA3834F064}.Release|Any CPU.Build.0 = Release|x86
		{2DD88BC6-AE38-4962-8A00-FFDA3834F064}.Release|Any CPU.Deploy.0 = Release|x86
		{2DD88BC6-AE38-4962-8A00-FFDA3834F064}.Release|ARM.ActiveCfg = Release|ARM
		{2DD88BC6-AE38-4962-8A00-FFDA3834F064}.Release|ARM.Build.0 = Release|ARM
		{2DD88BC6-AE38-4962-8A00-FFDA3834F064}.Release|ARM.Deploy.0 = Release|ARM
		{2DD88BC6-AE38-4962-8A00-FFDA3834F064}.Release|iPhone.ActiveCfg = Release|x86
		{2DD88BC6-AE38-4962-8A00-FFDA3834F064}.Release|iPhone.Build.0 = Release|x86
		{2DD88BC6-AE38-4962-8A00-FFDA3834F064}.Release|iPhone.Deploy.0 = Release|x86
		{2DD88BC6-AE38-4962-8A00-FFDA3834F064}.Release|iPhoneSimulator.ActiveCfg = Release|x86
		{2DD88BC6-AE38-4962-8A00-FFDA3834F064}.Release|iPhoneSimulator.Build.0 = Release|x86
		{2DD88BC6-AE38-4962-8A00-FFDA3834F064}.Release|iPhoneSimulator.Deploy.0 = Release|x86
		{2DD88BC6-AE38-4962-8A00-FFDA3834F064}.Release|x64.ActiveCfg = Release|x64
		{2DD88BC6-AE38-4962-8A00-FFDA3834F064}.Release|x64.Build.0 = Release|x64
		{2DD88BC6-AE38-4962-8A00-FFDA3834F064}.Release|x64.Deploy.0 = Release|x64
		{2DD88BC6-AE38-4962-8A00-FFDA3834F064}.Release|x86.ActiveCfg = Release|x86
		{2DD88BC6-AE38-4962-8A00-FFDA3834F064}.Release|x86.Build.0 = Release|x86
		{2DD88BC6-AE38-4962-8A00-FFDA3834F064}.Release|x86.Deploy.0 = Release|x86
		{0F770034-7D1F-4656-A37C-677A31069352}.Debug|Any CPU.ActiveCfg = Debug|Any CPU
		{0F770034-7D1F-4656-A37C-677A31069352}.Debug|Any CPU.Build.0 = Debug|Any CPU
		{0F770034-7D1F-4656-A37C-677A31069352}.Debug|Any CPU.Deploy.0 = Debug|Any CPU
		{0F770034-7D1F-4656-A37C-677A31069352}.Debug|ARM.ActiveCfg = Debug|Any CPU
		{0F770034-7D1F-4656-A37C-677A31069352}.Debug|ARM.Build.0 = Debug|Any CPU
		{0F770034-7D1F-4656-A37C-677A31069352}.Debug|ARM.Deploy.0 = Debug|Any CPU
		{0F770034-7D1F-4656-A37C-677A31069352}.Debug|iPhone.ActiveCfg = Debug|Any CPU
		{0F770034-7D1F-4656-A37C-677A31069352}.Debug|iPhone.Build.0 = Debug|Any CPU
		{0F770034-7D1F-4656-A37C-677A31069352}.Debug|iPhone.Deploy.0 = Debug|Any CPU
		{0F770034-7D1F-4656-A37C-677A31069352}.Debug|iPhoneSimulator.ActiveCfg = Debug|Any CPU
		{0F770034-7D1F-4656-A37C-677A31069352}.Debug|iPhoneSimulator.Build.0 = Debug|Any CPU
		{0F770034-7D1F-4656-A37C-677A31069352}.Debug|iPhoneSimulator.Deploy.0 = Debug|Any CPU
		{0F770034-7D1F-4656-A37C-677A31069352}.Debug|x64.ActiveCfg = Debug|Any CPU
		{0F770034-7D1F-4656-A37C-677A31069352}.Debug|x64.Build.0 = Debug|Any CPU
		{0F770034-7D1F-4656-A37C-677A31069352}.Debug|x64.Deploy.0 = Debug|Any CPU
		{0F770034-7D1F-4656-A37C-677A31069352}.Debug|x86.ActiveCfg = Debug|Any CPU
		{0F770034-7D1F-4656-A37C-677A31069352}.Debug|x86.Build.0 = Debug|Any CPU
		{0F770034-7D1F-4656-A37C-677A31069352}.Debug|x86.Deploy.0 = Debug|Any CPU
		{0F770034-7D1F-4656-A37C-677A31069352}.Release|Any CPU.ActiveCfg = Release|Any CPU
		{0F770034-7D1F-4656-A37C-677A31069352}.Release|Any CPU.Build.0 = Release|Any CPU
		{0F770034-7D1F-4656-A37C-677A31069352}.Release|Any CPU.Deploy.0 = Release|Any CPU
		{0F770034-7D1F-4656-A37C-677A31069352}.Release|ARM.ActiveCfg = Release|Any CPU
		{0F770034-7D1F-4656-A37C-677A31069352}.Release|ARM.Build.0 = Release|Any CPU
		{0F770034-7D1F-4656-A37C-677A31069352}.Release|ARM.Deploy.0 = Release|Any CPU
		{0F770034-7D1F-4656-A37C-677A31069352}.Release|iPhone.ActiveCfg = Release|Any CPU
		{0F770034-7D1F-4656-A37C-677A31069352}.Release|iPhone.Build.0 = Release|Any CPU
		{0F770034-7D1F-4656-A37C-677A31069352}.Release|iPhone.Deploy.0 = Release|Any CPU
		{0F770034-7D1F-4656-A37C-677A31069352}.Release|iPhoneSimulator.ActiveCfg = Release|Any CPU
		{0F770034-7D1F-4656-A37C-677A31069352}.Release|iPhoneSimulator.Build.0 = Release|Any CPU
		{0F770034-7D1F-4656-A37C-677A31069352}.Release|iPhoneSimulator.Deploy.0 = Release|Any CPU
		{0F770034-7D1F-4656-A37C-677A31069352}.Release|x64.ActiveCfg = Release|Any CPU
		{0F770034-7D1F-4656-A37C-677A31069352}.Release|x64.Build.0 = Release|Any CPU
		{0F770034-7D1F-4656-A37C-677A31069352}.Release|x64.Deploy.0 = Release|Any CPU
		{0F770034-7D1F-4656-A37C-677A31069352}.Release|x86.ActiveCfg = Release|Any CPU
		{0F770034-7D1F-4656-A37C-677A31069352}.Release|x86.Build.0 = Release|Any CPU
		{0F770034-7D1F-4656-A37C-677A31069352}.Release|x86.Deploy.0 = Release|Any CPU
		{9CA57FC5-B83E-4B61-86A2-509650FC48E5}.Debug|Any CPU.ActiveCfg = Debug|iPhone
		{9CA57FC5-B83E-4B61-86A2-509650FC48E5}.Debug|Any CPU.Build.0 = Debug|iPhone
		{9CA57FC5-B83E-4B61-86A2-509650FC48E5}.Debug|Any CPU.Deploy.0 = Debug|iPhone
		{9CA57FC5-B83E-4B61-86A2-509650FC48E5}.Debug|ARM.ActiveCfg = Debug|iPhone
		{9CA57FC5-B83E-4B61-86A2-509650FC48E5}.Debug|ARM.Build.0 = Debug|iPhone
		{9CA57FC5-B83E-4B61-86A2-509650FC48E5}.Debug|ARM.Deploy.0 = Debug|iPhone
		{9CA57FC5-B83E-4B61-86A2-509650FC48E5}.Debug|iPhone.ActiveCfg = Debug|iPhone
		{9CA57FC5-B83E-4B61-86A2-509650FC48E5}.Debug|iPhone.Build.0 = Debug|iPhone
		{9CA57FC5-B83E-4B61-86A2-509650FC48E5}.Debug|iPhone.Deploy.0 = Debug|iPhone
		{9CA57FC5-B83E-4B61-86A2-509650FC48E5}.Debug|iPhoneSimulator.ActiveCfg = Debug|iPhoneSimulator
		{9CA57FC5-B83E-4B61-86A2-509650FC48E5}.Debug|iPhoneSimulator.Build.0 = Debug|iPhoneSimulator
		{9CA57FC5-B83E-4B61-86A2-509650FC48E5}.Debug|iPhoneSimulator.Deploy.0 = Debug|iPhoneSimulator
		{9CA57FC5-B83E-4B61-86A2-509650FC48E5}.Debug|x64.ActiveCfg = Debug|iPhone
		{9CA57FC5-B83E-4B61-86A2-509650FC48E5}.Debug|x64.Build.0 = Debug|iPhone
		{9CA57FC5-B83E-4B61-86A2-509650FC48E5}.Debug|x64.Deploy.0 = Debug|iPhone
		{9CA57FC5-B83E-4B61-86A2-509650FC48E5}.Debug|x86.ActiveCfg = Debug|iPhone
		{9CA57FC5-B83E-4B61-86A2-509650FC48E5}.Debug|x86.Build.0 = Debug|iPhone
		{9CA57FC5-B83E-4B61-86A2-509650FC48E5}.Debug|x86.Deploy.0 = Debug|iPhone
		{9CA57FC5-B83E-4B61-86A2-509650FC48E5}.Release|Any CPU.ActiveCfg = Release|iPhone
		{9CA57FC5-B83E-4B61-86A2-509650FC48E5}.Release|Any CPU.Build.0 = Release|iPhone
		{9CA57FC5-B83E-4B61-86A2-509650FC48E5}.Release|Any CPU.Deploy.0 = Release|iPhone
		{9CA57FC5-B83E-4B61-86A2-509650FC48E5}.Release|ARM.ActiveCfg = Release|iPhone
		{9CA57FC5-B83E-4B61-86A2-509650FC48E5}.Release|ARM.Build.0 = Release|iPhone
		{9CA57FC5-B83E-4B61-86A2-509650FC48E5}.Release|ARM.Deploy.0 = Release|iPhone
		{9CA57FC5-B83E-4B61-86A2-509650FC48E5}.Release|iPhone.ActiveCfg = Release|iPhone
		{9CA57FC5-B83E-4B61-86A2-509650FC48E5}.Release|iPhone.Build.0 = Release|iPhone
		{9CA57FC5-B83E-4B61-86A2-509650FC48E5}.Release|iPhone.Deploy.0 = Release|iPhone
		{9CA57FC5-B83E-4B61-86A2-509650FC48E5}.Release|iPhoneSimulator.ActiveCfg = Release|iPhoneSimulator
		{9CA57FC5-B83E-4B61-86A2-509650FC48E5}.Release|iPhoneSimulator.Build.0 = Release|iPhoneSimulator
		{9CA57FC5-B83E-4B61-86A2-509650FC48E5}.Release|iPhoneSimulator.Deploy.0 = Release|iPhoneSimulator
		{9CA57FC5-B83E-4B61-86A2-509650FC48E5}.Release|x64.ActiveCfg = Release|iPhone
		{9CA57FC5-B83E-4B61-86A2-509650FC48E5}.Release|x64.Build.0 = Release|iPhone
		{9CA57FC5-B83E-4B61-86A2-509650FC48E5}.Release|x64.Deploy.0 = Release|iPhone
		{9CA57FC5-B83E-4B61-86A2-509650FC48E5}.Release|x86.ActiveCfg = Release|iPhone
		{9CA57FC5-B83E-4B61-86A2-509650FC48E5}.Release|x86.Build.0 = Release|iPhone
		{9CA57FC5-B83E-4B61-86A2-509650FC48E5}.Release|x86.Deploy.0 = Release|iPhone
		{A65DABE1-F846-4AE5-8D82-304FC1F0C773}.Debug|Any CPU.ActiveCfg = Debug|Any CPU
		{A65DABE1-F846-4AE5-8D82-304FC1F0C773}.Debug|Any CPU.Build.0 = Debug|Any CPU
		{A65DABE1-F846-4AE5-8D82-304FC1F0C773}.Debug|Any CPU.Deploy.0 = Debug|Any CPU
		{A65DABE1-F846-4AE5-8D82-304FC1F0C773}.Debug|ARM.ActiveCfg = Debug|Any CPU
		{A65DABE1-F846-4AE5-8D82-304FC1F0C773}.Debug|ARM.Build.0 = Debug|Any CPU
		{A65DABE1-F846-4AE5-8D82-304FC1F0C773}.Debug|ARM.Deploy.0 = Debug|Any CPU
		{A65DABE1-F846-4AE5-8D82-304FC1F0C773}.Debug|iPhone.ActiveCfg = Debug|Any CPU
		{A65DABE1-F846-4AE5-8D82-304FC1F0C773}.Debug|iPhone.Build.0 = Debug|Any CPU
		{A65DABE1-F846-4AE5-8D82-304FC1F0C773}.Debug|iPhone.Deploy.0 = Debug|Any CPU
		{A65DABE1-F846-4AE5-8D82-304FC1F0C773}.Debug|iPhoneSimulator.ActiveCfg = Debug|Any CPU
		{A65DABE1-F846-4AE5-8D82-304FC1F0C773}.Debug|iPhoneSimulator.Build.0 = Debug|Any CPU
		{A65DABE1-F846-4AE5-8D82-304FC1F0C773}.Debug|iPhoneSimulator.Deploy.0 = Debug|Any CPU
		{A65DABE1-F846-4AE5-8D82-304FC1F0C773}.Debug|x64.ActiveCfg = Debug|Any CPU
		{A65DABE1-F846-4AE5-8D82-304FC1F0C773}.Debug|x64.Build.0 = Debug|Any CPU
		{A65DABE1-F846-4AE5-8D82-304FC1F0C773}.Debug|x64.Deploy.0 = Debug|Any CPU
		{A65DABE1-F846-4AE5-8D82-304FC1F0C773}.Debug|x86.ActiveCfg = Debug|Any CPU
		{A65DABE1-F846-4AE5-8D82-304FC1F0C773}.Debug|x86.Build.0 = Debug|Any CPU
		{A65DABE1-F846-4AE5-8D82-304FC1F0C773}.Debug|x86.Deploy.0 = Debug|Any CPU
		{A65DABE1-F846-4AE5-8D82-304FC1F0C773}.Release|Any CPU.ActiveCfg = Release|Any CPU
		{A65DABE1-F846-4AE5-8D82-304FC1F0C773}.Release|Any CPU.Build.0 = Release|Any CPU
		{A65DABE1-F846-4AE5-8D82-304FC1F0C773}.Release|Any CPU.Deploy.0 = Release|Any CPU
		{A65DABE1-F846-4AE5-8D82-304FC1F0C773}.Release|ARM.ActiveCfg = Release|Any CPU
		{A65DABE1-F846-4AE5-8D82-304FC1F0C773}.Release|ARM.Build.0 = Release|Any CPU
		{A65DABE1-F846-4AE5-8D82-304FC1F0C773}.Release|ARM.Deploy.0 = Release|Any CPU
		{A65DABE1-F846-4AE5-8D82-304FC1F0C773}.Release|iPhone.ActiveCfg = Release|Any CPU
		{A65DABE1-F846-4AE5-8D82-304FC1F0C773}.Release|iPhone.Build.0 = Release|Any CPU
		{A65DABE1-F846-4AE5-8D82-304FC1F0C773}.Release|iPhone.Deploy.0 = Release|Any CPU
		{A65DABE1-F846-4AE5-8D82-304FC1F0C773}.Release|iPhoneSimulator.ActiveCfg = Release|Any CPU
		{A65DABE1-F846-4AE5-8D82-304FC1F0C773}.Release|iPhoneSimulator.Build.0 = Release|Any CPU
		{A65DABE1-F846-4AE5-8D82-304FC1F0C773}.Release|iPhoneSimulator.Deploy.0 = Release|Any CPU
		{A65DABE1-F846-4AE5-8D82-304FC1F0C773}.Release|x64.ActiveCfg = Release|Any CPU
		{A65DABE1-F846-4AE5-8D82-304FC1F0C773}.Release|x64.Build.0 = Release|Any CPU
		{A65DABE1-F846-4AE5-8D82-304FC1F0C773}.Release|x64.Deploy.0 = Release|Any CPU
		{A65DABE1-F846-4AE5-8D82-304FC1F0C773}.Release|x86.ActiveCfg = Release|Any CPU
		{A65DABE1-F846-4AE5-8D82-304FC1F0C773}.Release|x86.Build.0 = Release|Any CPU
		{A65DABE1-F846-4AE5-8D82-304FC1F0C773}.Release|x86.Deploy.0 = Release|Any CPU
	EndGlobalSection
	GlobalSection(SolutionProperties) = preSolution
		HideSolutionNode = FALSE
	EndGlobalSection
	GlobalSection(ExtensibilityGlobals) = postSolution
		SolutionGuid = {913A870D-3556-409C-A39C-521485F617B0}
	EndGlobalSection
EndGlobal
